
Microsoft Visual Studio Solution File, Format Version 12.00
# Visual Studio Version 17
VisualStudioVersion = 17.5.001.0
MinimumVisualStudioVersion = 10.0.40219.1
Project("{9A19103F-16F7-4668-BE54-9A1E7A4F7556}") = "Artemis.Plugins.Modules.Chrome", "Artemis.Plugins.Modules.Chrome\Artemis.Plugins.Modules.Chrome.csproj", "{030B975C-2E5D-4565-9C32-C1C4910CEF4D}"
EndProject
Global
	GlobalSection(SolutionConfigurationPlatforms) = preSolution
		Debug|Any CPU = Debug|Any CPU
		Release|Any CPU = Release|Any CPU
	EndGlobalSection
	GlobalSection(ProjectConfigurationPlatforms) = postSolution
		{030B975C-2E5D-4565-9C32-C1C4910CEF4D}.Debug|Any CPU.ActiveCfg = Debug|Any CPU
		{030B975C-2E5D-4565-9C32-C1C4910CEF4D}.Debug|Any CPU.Build.0 = Debug|Any CPU
		{030B975C-2E5D-4565-9C32-C1C4910CEF4D}.Release|Any CPU.ActiveCfg = Release|Any CPU
		{030B975C-2E5D-4565-9C32-C1C4910CEF4D}.Release|Any CPU.Build.0 = Release|Any CPU
	EndGlobalSection
	GlobalSection(SolutionProperties) = preSolution
		HideSolutionNode = FALSE
	EndGlobalSection
	GlobalSection(ExtensibilityGlobals) = postSolution
		SolutionGuid = {1FC43B77-6417-4E7B-96E2-9F032B07A63E}
	EndGlobalSection
EndGlobal
